
Microsoft Visual Studio Solution File, Format Version 12.00
# Visual Studio Version 16
VisualStudioVersion = 16.0.31424.327
MinimumVisualStudioVersion = 10.0.40219.1
Project("{888888A0-9F3D-457C-B088-3A5042F75D52}") = "DigitOfLife", "DigitOfLife\DigitOfLife.pyproj", "{578B2E7A-2E56-4AC4-A271-5058EDBCE737}"
EndProject
Global
	GlobalSection(SolutionConfigurationPlatforms) = preSolution
		Debug|Any CPU = Debug|Any CPU
		Release|Any CPU = Release|Any CPU
	EndGlobalSection
	GlobalSection(ProjectConfigurationPlatforms) = postSolution
		{578B2E7A-2E56-4AC4-A271-5058EDBCE737}.Debug|Any CPU.ActiveCfg = Debug|Any CPU
		{578B2E7A-2E56-4AC4-A271-5058EDBCE737}.Release|Any CPU.ActiveCfg = Release|Any CPU
	EndGlobalSection
	GlobalSection(SolutionProperties) = preSolution
		HideSolutionNode = FALSE
	EndGlobalSection
	GlobalSection(ExtensibilityGlobals) = postSolution
		SolutionGuid = {5FFF0C18-C0CC-4D88-AE58-E9F081C646B7}
	EndGlobalSection
EndGlobal
